
Microsoft Visual Studio Solution File, Format Version 12.00
# Visual Studio 15
VisualStudioVersion = 15.0.26730.16
MinimumVisualStudioVersion = 10.0.40219.1
Project("{FAE04EC0-301F-11D3-BF4B-00C04F79EFBC}") = "Memory", "Memory\Memory.csproj", "{D2DF42F9-3FA9-4E3D-96A7-D0CB7CFDB6DD}"
EndProject
Project("{FAE04EC0-301F-11D3-BF4B-00C04F79EFBC}") = "GameServer", "GameServer\GameServer.csproj", "{6F18B08C-6706-4292-B5A4-BFD7DA2FD624}"
EndProject
Project("{FAE04EC0-301F-11D3-BF4B-00C04F79EFBC}") = "Server Client", "Server Client\Server Client.csproj", "{3567B304-2205-4267-8A23-455082FFC391}"
EndProject
Project("{FAE04EC0-301F-11D3-BF4B-00C04F79EFBC}") = "GameServer2_0", "GameServer2_0\GameServer2_0.csproj", "{42CC22C8-E582-4EA1-9530-29FFA69536D9}"
EndProject
Global
	GlobalSection(SolutionConfigurationPlatforms) = preSolution
		Debug|Any CPU = Debug|Any CPU
		Release|Any CPU = Release|Any CPU
	EndGlobalSection
	GlobalSection(ProjectConfigurationPlatforms) = postSolution
		{D2DF42F9-3FA9-4E3D-96A7-D0CB7CFDB6DD}.Debug|Any CPU.ActiveCfg = Debug|Any CPU
		{D2DF42F9-3FA9-4E3D-96A7-D0CB7CFDB6DD}.Debug|Any CPU.Build.0 = Debug|Any CPU
		{D2DF42F9-3FA9-4E3D-96A7-D0CB7CFDB6DD}.Release|Any CPU.ActiveCfg = Release|Any CPU
		{D2DF42F9-3FA9-4E3D-96A7-D0CB7CFDB6DD}.Release|Any CPU.Build.0 = Release|Any CPU
		{6F18B08C-6706-4292-B5A4-BFD7DA2FD624}.Debug|Any CPU.ActiveCfg = Debug|Any CPU
		{6F18B08C-6706-4292-B5A4-BFD7DA2FD624}.Debug|Any CPU.Build.0 = Debug|Any CPU
		{6F18B08C-6706-4292-B5A4-BFD7DA2FD624}.Release|Any CPU.ActiveCfg = Release|Any CPU
		{6F18B08C-6706-4292-B5A4-BFD7DA2FD624}.Release|Any CPU.Build.0 = Release|Any CPU
		{3567B304-2205-4267-8A23-455082FFC391}.Debug|Any CPU.ActiveCfg = Debug|Any CPU
		{3567B304-2205-4267-8A23-455082FFC391}.Debug|Any CPU.Build.0 = Debug|Any CPU
		{3567B304-2205-4267-8A23-455082FFC391}.Release|Any CPU.ActiveCfg = Release|Any CPU
		{3567B304-2205-4267-8A23-455082FFC391}.Release|Any CPU.Build.0 = Release|Any CPU
		{42CC22C8-E582-4EA1-9530-29FFA69536D9}.Debug|Any CPU.ActiveCfg = Debug|Any CPU
		{42CC22C8-E582-4EA1-9530-29FFA69536D9}.Debug|Any CPU.Build.0 = Debug|Any CPU
		{42CC22C8-E582-4EA1-9530-29FFA69536D9}.Release|Any CPU.ActiveCfg = Release|Any CPU
		{42CC22C8-E582-4EA1-9530-29FFA69536D9}.Release|Any CPU.Build.0 = Release|Any CPU
	EndGlobalSection
	GlobalSection(SolutionProperties) = preSolution
		HideSolutionNode = FALSE
	EndGlobalSection
	GlobalSection(ExtensibilityGlobals) = postSolution
		SolutionGuid = {DAF0501D-D1D9-4B93-A1B6-EA853BA460A7}
	EndGlobalSection
EndGlobal
